
Microsoft Visual Studio Solution File, Format Version 11.00
# Visual Studio 2010
Project("{FAE04EC0-301F-11D3-BF4B-00C04F79EFBC}") = "DemoApp.Tests", "Generic Web Testing\DemoApp.Tests.csproj", "{FAC16FE2-845D-49E7-91D7-A4290A796E01}"
EndProject
Project("{FAE04EC0-301F-11D3-BF4B-00C04F79EFBC}") = "Quantum.Tests", "Quantum.Tests\Quantum.Tests.csproj", "{3411DFEE-7721-4B01-9ECE-7F57C49FC111}"
EndProject
Global
	GlobalSection(SolutionConfigurationPlatforms) = preSolution
		Debug|Any CPU = Debug|Any CPU
		Release|Any CPU = Release|Any CPU
	EndGlobalSection
	GlobalSection(ProjectConfigurationPlatforms) = postSolution
		{FAC16FE2-845D-49E7-91D7-A4290A796E01}.Debug|Any CPU.ActiveCfg = Debug|Any CPU
		{FAC16FE2-845D-49E7-91D7-A4290A796E01}.Debug|Any CPU.Build.0 = Debug|Any CPU
		{FAC16FE2-845D-49E7-91D7-A4290A796E01}.Release|Any CPU.ActiveCfg = Release|Any CPU
		{FAC16FE2-845D-49E7-91D7-A4290A796E01}.Release|Any CPU.Build.0 = Release|Any CPU
		{3411DFEE-7721-4B01-9ECE-7F57C49FC111}.Debug|Any CPU.ActiveCfg = Debug|Any CPU
		{3411DFEE-7721-4B01-9ECE-7F57C49FC111}.Debug|Any CPU.Build.0 = Debug|Any CPU
		{3411DFEE-7721-4B01-9ECE-7F57C49FC111}.Release|Any CPU.ActiveCfg = Release|Any CPU
		{3411DFEE-7721-4B01-9ECE-7F57C49FC111}.Release|Any CPU.Build.0 = Release|Any CPU
	EndGlobalSection
	GlobalSection(SolutionProperties) = preSolution
		HideSolutionNode = FALSE
	EndGlobalSection
EndGlobal
