
Microsoft Visual Studio Solution File, Format Version 11.00
# Visual Studio 2010
Project("{FAE04EC0-301F-11D3-BF4B-00C04F79EFBC}") = "LibraryTest", "LibraryTest\LibraryTest.csproj", "{2B6CDD83-148F-4F95-922D-22EA439146B9}"
EndProject
Project("{FAE04EC0-301F-11D3-BF4B-00C04F79EFBC}") = "TestProject1", "TestProject1\TestProject1.csproj", "{5B1541F9-4DA8-4E62-9C07-C382FE2C875C}"
EndProject
Project("{2150E333-8FDC-42A3-9474-1A3956D46DE8}") = "Solution Items", "Solution Items", "{E39A20B8-F3B8-4460-A14F-C8808E25EC50}"
	ProjectSection(SolutionItems) = preProject
		LibraryTest.vsmdi = LibraryTest.vsmdi
		Local.testsettings = Local.testsettings
		TraceAndTestImpact.testsettings = TraceAndTestImpact.testsettings
	EndProjectSection
EndProject
Project("{2150E333-8FDC-42A3-9474-1A3956D46DE8}") = "Libs", "Libs", "{308ADEFB-CED2-4A83-85CD-4BDE79437F11}"
	ProjectSection(SolutionItems) = preProject
		Libs\nunit.framework.dll = Libs\nunit.framework.dll
	EndProjectSection
EndProject
Global
	GlobalSection(TestCaseManagementSettings) = postSolution
		CategoryFile = LibraryTest.vsmdi
	EndGlobalSection
	GlobalSection(SolutionConfigurationPlatforms) = preSolution
		Debug|Any CPU = Debug|Any CPU
		Release|Any CPU = Release|Any CPU
	EndGlobalSection
	GlobalSection(ProjectConfigurationPlatforms) = postSolution
		{2B6CDD83-148F-4F95-922D-22EA439146B9}.Debug|Any CPU.ActiveCfg = Debug|Any CPU
		{2B6CDD83-148F-4F95-922D-22EA439146B9}.Debug|Any CPU.Build.0 = Debug|Any CPU
		{2B6CDD83-148F-4F95-922D-22EA439146B9}.Release|Any CPU.ActiveCfg = Release|Any CPU
		{2B6CDD83-148F-4F95-922D-22EA439146B9}.Release|Any CPU.Build.0 = Release|Any CPU
		{5B1541F9-4DA8-4E62-9C07-C382FE2C875C}.Debug|Any CPU.ActiveCfg = Debug|Any CPU
		{5B1541F9-4DA8-4E62-9C07-C382FE2C875C}.Debug|Any CPU.Build.0 = Debug|Any CPU
		{5B1541F9-4DA8-4E62-9C07-C382FE2C875C}.Release|Any CPU.ActiveCfg = Release|Any CPU
		{5B1541F9-4DA8-4E62-9C07-C382FE2C875C}.Release|Any CPU.Build.0 = Release|Any CPU
	EndGlobalSection
	GlobalSection(SolutionProperties) = preSolution
		HideSolutionNode = FALSE
	EndGlobalSection
EndGlobal
