
Microsoft Visual Studio Solution File, Format Version 12.00
# Visual Studio 2012
Project("{FAE04EC0-301F-11D3-BF4B-00C04F79EFBC}") = "LocatorTests", "LocatorTests.csproj", "{47F02957-BB5D-41BD-BB6C-810018A07F06}"
EndProject
Project("{2150E333-8FDC-42A3-9474-1A3956D46DE8}") = "libs", "libs", "{1135D31F-189A-4956-B29F-E1F3C0917442}"
	ProjectSection(SolutionItems) = preProject
		libs\nunit.framework.dll = libs\nunit.framework.dll
	EndProjectSection
EndProject
Project("{2150E333-8FDC-42A3-9474-1A3956D46DE8}") = "Solution Items", "Solution Items", "{CD4A9D43-B3EA-4D9E-957A-ADF724525A4F}"
	ProjectSection(SolutionItems) = preProject
		LocatorTests.vsmdi = LocatorTests.vsmdi
	EndProjectSection
EndProject
Global
	GlobalSection(TestCaseManagementSettings) = postSolution
		CategoryFile = LocatorTests.vsmdi
	EndGlobalSection
	GlobalSection(SolutionConfigurationPlatforms) = preSolution
		Debug|Any CPU = Debug|Any CPU
	EndGlobalSection
	GlobalSection(ProjectConfigurationPlatforms) = postSolution
		{47F02957-BB5D-41BD-BB6C-810018A07F06}.Debug|Any CPU.ActiveCfg = Debug|Any CPU
		{47F02957-BB5D-41BD-BB6C-810018A07F06}.Debug|Any CPU.Build.0 = Debug|Any CPU
	EndGlobalSection
	GlobalSection(SolutionProperties) = preSolution
		HideSolutionNode = FALSE
	EndGlobalSection
EndGlobal
